
Microsoft Visual Studio Solution File, Format Version 12.00
# Visual Studio Version 17
VisualStudioVersion = 17.4.33213.308
MinimumVisualStudioVersion = 10.0.40219.1
Project("{8BC9CEB8-8B4A-11D0-8D11-00A0C91BC942}") = "VulkanEngine", "VulkanEngine.vcxproj", "{74586BD1-6848-4D50-B2E7-120D98E4842E}"
EndProject
Global
	GlobalSection(SolutionConfigurationPlatforms) = preSolution
		Debug|x64 = Debug|x64
		Debug|x86 = Debug|x86
		Release|x64 = Release|x64
		Release|x86 = Release|x86
	EndGlobalSection
	GlobalSection(ProjectConfigurationPlatforms) = postSolution
		{74586BD1-6848-4D50-B2E7-120D98E4842E}.Debug|x64.ActiveCfg = Debug|x64
		{74586BD1-6848-4D50-B2E7-120D98E4842E}.Debug|x64.Build.0 = Debug|x64
		{74586BD1-6848-4D50-B2E7-120D98E4842E}.Debug|x86.ActiveCfg = Debug|Win32
		{74586BD1-6848-4D50-B2E7-120D98E4842E}.Debug|x86.Build.0 = Debug|Win32
		{74586BD1-6848-4D50-B2E7-120D98E4842E}.Release|x64.ActiveCfg = Release|x64
		{74586BD1-6848-4D50-B2E7-120D98E4842E}.Release|x64.Build.0 = Release|x64
		{74586BD1-6848-4D50-B2E7-120D98E4842E}.Release|x86.ActiveCfg = Release|Win32
		{74586BD1-6848-4D50-B2E7-120D98E4842E}.Release|x86.Build.0 = Release|Win32
	EndGlobalSection
	GlobalSection(SolutionProperties) = preSolution
		HideSolutionNode = FALSE
	EndGlobalSection
	GlobalSection(ExtensibilityGlobals) = postSolution
		SolutionGuid = {229C543A-BF1C-4B54-88F2-2FD6B946E17F}
	EndGlobalSection
EndGlobal
